
Microsoft Visual Studio Solution File, Format Version 12.00
# Visual Studio Version 17
VisualStudioVersion = 17.0.31903.59
MinimumVisualStudioVersion = 10.0.40219.1
Project("{2150E333-8FDC-42A3-9474-1A3956D46DE8}") = "src", "src", "{827E0CD3-B72D-47B6-A68D-7590B98EB39B}"
EndProject
Project("{FAE04EC0-301F-11D3-BF4B-00C04F79EFBC}") = "Duohabbit.API", "src\Duohabbit.API\Duohabbit.API.csproj", "{306343A4-6B17-47AE-895C-204F20D6BE37}"
EndProject
Project("{FAE04EC0-301F-11D3-BF4B-00C04F79EFBC}") = "Duohabbit.Core", "src\Duohabbit.Core\Duohabbit.Core.csproj", "{37A149E4-9D06-4A75-BAE4-73A6499EE1D8}"
EndProject
Project("{FAE04EC0-301F-11D3-BF4B-00C04F79EFBC}") = "Duohabbit.Infrastructure", "src\Duohabbit.Infrastructure\Duohabbit.Infrastructure.csproj", "{AE8EB9F1-E5B8-4FC8-BA3B-EB23618D8FD6}"
EndProject
Project("{FAE04EC0-301F-11D3-BF4B-00C04F79EFBC}") = "Duohabbit.Hubs", "src\Duohabbit.Hubs\Duohabbit.Hubs.csproj", "{73639707-C3EE-46F7-B0EA-951EC9BD82AF}"
EndProject
Project("{2150E333-8FDC-42A3-9474-1A3956D46DE8}") = "tests", "tests", "{0AB3BF05-4346-4AA6-1389-037BE0695223}"
EndProject
Project("{FAE04EC0-301F-11D3-BF4B-00C04F79EFBC}") = "Duohabbit.UnitTests", "tests\Duohabbit.UnitTests\Duohabbit.UnitTests.csproj", "{25969F49-7791-48DE-9A89-4C56A81AF091}"
EndProject
Project("{FAE04EC0-301F-11D3-BF4B-00C04F79EFBC}") = "Duohabbit.IntegrationTests", "tests\Duohabbit.IntegrationTests\Duohabbit.IntegrationTests.csproj", "{326BE879-0E3B-4D15-AC27-E4EA60946AE7}"
EndProject
Global
	GlobalSection(SolutionConfigurationPlatforms) = preSolution
		Debug|Any CPU = Debug|Any CPU
		Debug|x64 = Debug|x64
		Debug|x86 = Debug|x86
		Release|Any CPU = Release|Any CPU
		Release|x64 = Release|x64
		Release|x86 = Release|x86
	EndGlobalSection
	GlobalSection(ProjectConfigurationPlatforms) = postSolution
		{306343A4-6B17-47AE-895C-204F20D6BE37}.Debug|Any CPU.ActiveCfg = Debug|Any CPU
		{306343A4-6B17-47AE-895C-204F20D6BE37}.Debug|Any CPU.Build.0 = Debug|Any CPU
		{306343A4-6B17-47AE-895C-204F20D6BE37}.Debug|x64.ActiveCfg = Debug|Any CPU
		{306343A4-6B17-47AE-895C-204F20D6BE37}.Debug|x64.Build.0 = Debug|Any CPU
		{306343A4-6B17-47AE-895C-204F20D6BE37}.Debug|x86.ActiveCfg = Debug|Any CPU
		{306343A4-6B17-47AE-895C-204F20D6BE37}.Debug|x86.Build.0 = Debug|Any CPU
		{306343A4-6B17-47AE-895C-204F20D6BE37}.Release|Any CPU.ActiveCfg = Release|Any CPU
		{306343A4-6B17-47AE-895C-204F20D6BE37}.Release|Any CPU.Build.0 = Release|Any CPU
		{306343A4-6B17-47AE-895C-204F20D6BE37}.Release|x64.ActiveCfg = Release|Any CPU
		{306343A4-6B17-47AE-895C-204F20D6BE37}.Release|x64.Build.0 = Release|Any CPU
		{306343A4-6B17-47AE-895C-204F20D6BE37}.Release|x86.ActiveCfg = Release|Any CPU
		{306343A4-6B17-47AE-895C-204F20D6BE37}.Release|x86.Build.0 = Release|Any CPU
		{37A149E4-9D06-4A75-BAE4-73A6499EE1D8}.Debug|Any CPU.ActiveCfg = Debug|Any CPU
		{37A149E4-9D06-4A75-BAE4-73A6499EE1D8}.Debug|Any CPU.Build.0 = Debug|Any CPU
		{37A149E4-9D06-4A75-BAE4-73A6499EE1D8}.Debug|x64.ActiveCfg = Debug|Any CPU
		{37A149E4-9D06-4A75-BAE4-73A6499EE1D8}.Debug|x64.Build.0 = Debug|Any CPU
		{37A149E4-9D06-4A75-BAE4-73A6499EE1D8}.Debug|x86.ActiveCfg = Debug|Any CPU
		{37A149E4-9D06-4A75-BAE4-73A6499EE1D8}.Debug|x86.Build.0 = Debug|Any CPU
		{37A149E4-9D06-4A75-BAE4-73A6499EE1D8}.Release|Any CPU.ActiveCfg = Release|Any CPU
		{37A149E4-9D06-4A75-BAE4-73A6499EE1D8}.Release|Any CPU.Build.0 = Release|Any CPU
		{37A149E4-9D06-4A75-BAE4-73A6499EE1D8}.Release|x64.ActiveCfg = Release|Any CPU
		{37A149E4-9D06-4A75-BAE4-73A6499EE1D8}.Release|x64.Build.0 = Release|Any CPU
		{37A149E4-9D06-4A75-BAE4-73A6499EE1D8}.Release|x86.ActiveCfg = Release|Any CPU
		{37A149E4-9D06-4A75-BAE4-73A6499EE1D8}.Release|x86.Build.0 = Release|Any CPU
		{AE8EB9F1-E5B8-4FC8-BA3B-EB23618D8FD6}.Debug|Any CPU.ActiveCfg = Debug|Any CPU
		{AE8EB9F1-E5B8-4FC8-BA3B-EB23618D8FD6}.Debug|Any CPU.Build.0 = Debug|Any CPU
		{AE8EB9F1-E5B8-4FC8-BA3B-EB23618D8FD6}.Debug|x64.ActiveCfg = Debug|Any CPU
		{AE8EB9F1-E5B8-4FC8-BA3B-EB23618D8FD6}.Debug|x64.Build.0 = Debug|Any CPU
		{AE8EB9F1-E5B8-4FC8-BA3B-EB23618D8FD6}.Debug|x86.ActiveCfg = Debug|Any CPU
		{AE8EB9F1-E5B8-4FC8-BA3B-EB23618D8FD6}.Debug|x86.Build.0 = Debug|Any CPU
		{AE8EB9F1-E5B8-4FC8-BA3B-EB23618D8FD6}.Release|Any CPU.ActiveCfg = Release|Any CPU
		{AE8EB9F1-E5B8-4FC8-BA3B-EB23618D8FD6}.Release|Any CPU.Build.0 = Release|Any CPU
		{AE8EB9F1-E5B8-4FC8-BA3B-EB23618D8FD6}.Release|x64.ActiveCfg = Release|Any CPU
		{AE8EB9F1-E5B8-4FC8-BA3B-EB23618D8FD6}.Release|x64.Build.0 = Release|Any CPU
		{AE8EB9F1-E5B8-4FC8-BA3B-EB23618D8FD6}.Release|x86.ActiveCfg = Release|Any CPU
		{AE8EB9F1-E5B8-4FC8-BA3B-EB23618D8FD6}.Release|x86.Build.0 = Release|Any CPU
		{73639707-C3EE-46F7-B0EA-951EC9BD82AF}.Debug|Any CPU.ActiveCfg = Debug|Any CPU
		{73639707-C3EE-46F7-B0EA-951EC9BD82AF}.Debug|Any CPU.Build.0 = Debug|Any CPU
		{73639707-C3EE-46F7-B0EA-951EC9BD82AF}.Debug|x64.ActiveCfg = Debug|Any CPU
		{73639707-C3EE-46F7-B0EA-951EC9BD82AF}.Debug|x64.Build.0 = Debug|Any CPU
		{73639707-C3EE-46F7-B0EA-951EC9BD82AF}.Debug|x86.ActiveCfg = Debug|Any CPU
		{73639707-C3EE-46F7-B0EA-951EC9BD82AF}.Debug|x86.Build.0 = Debug|Any CPU
		{73639707-C3EE-46F7-B0EA-951EC9BD82AF}.Release|Any CPU.ActiveCfg = Release|Any CPU
		{73639707-C3EE-46F7-B0EA-951EC9BD82AF}.Release|Any CPU.Build.0 = Release|Any CPU
		{73639707-C3EE-46F7-B0EA-951EC9BD82AF}.Release|x64.ActiveCfg = Release|Any CPU
		{73639707-C3EE-46F7-B0EA-951EC9BD82AF}.Release|x64.Build.0 = Release|Any CPU
		{73639707-C3EE-46F7-B0EA-951EC9BD82AF}.Release|x86.ActiveCfg = Release|Any CPU
		{73639707-C3EE-46F7-B0EA-951EC9BD82AF}.Release|x86.Build.0 = Release|Any CPU
		{25969F49-7791-48DE-9A89-4C56A81AF091}.Debug|Any CPU.ActiveCfg = Debug|Any CPU
		{25969F49-7791-48DE-9A89-4C56A81AF091}.Debug|Any CPU.Build.0 = Debug|Any CPU
		{25969F49-7791-48DE-9A89-4C56A81AF091}.Debug|x64.ActiveCfg = Debug|Any CPU
		{25969F49-7791-48DE-9A89-4C56A81AF091}.Debug|x64.Build.0 = Debug|Any CPU
		{25969F49-7791-48DE-9A89-4C56A81AF091}.Debug|x86.ActiveCfg = Debug|Any CPU
		{25969F49-7791-48DE-9A89-4C56A81AF091}.Debug|x86.Build.0 = Debug|Any CPU
		{25969F49-7791-48DE-9A89-4C56A81AF091}.Release|Any CPU.ActiveCfg = Release|Any CPU
		{25969F49-7791-48DE-9A89-4C56A81AF091}.Release|Any CPU.Build.0 = Release|Any CPU
		{25969F49-7791-48DE-9A89-4C56A81AF091}.Release|x64.ActiveCfg = Release|Any CPU
		{25969F49-7791-48DE-9A89-4C56A81AF091}.Release|x64.Build.0 = Release|Any CPU
		{25969F49-7791-48DE-9A89-4C56A81AF091}.Release|x86.ActiveCfg = Release|Any CPU
		{25969F49-7791-48DE-9A89-4C56A81AF091}.Release|x86.Build.0 = Release|Any CPU
		{326BE879-0E3B-4D15-AC27-E4EA60946AE7}.Debug|Any CPU.ActiveCfg = Debug|Any CPU
		{326BE879-0E3B-4D15-AC27-E4EA60946AE7}.Debug|Any CPU.Build.0 = Debug|Any CPU
		{326BE879-0E3B-4D15-AC27-E4EA60946AE7}.Debug|x64.ActiveCfg = Debug|Any CPU
		{326BE879-0E3B-4D15-AC27-E4EA60946AE7}.Debug|x64.Build.0 = Debug|Any CPU
		{326BE879-0E3B-4D15-AC27-E4EA60946AE7}.Debug|x86.ActiveCfg = Debug|Any CPU
		{326BE879-0E3B-4D15-AC27-E4EA60946AE7}.Debug|x86.Build.0 = Debug|Any CPU
		{326BE879-0E3B-4D15-AC27-E4EA60946AE7}.Release|Any CPU.ActiveCfg = Release|Any CPU
		{326BE879-0E3B-4D15-AC27-E4EA60946AE7}.Release|Any CPU.Build.0 = Release|Any CPU
		{326BE879-0E3B-4D15-AC27-E4EA60946AE7}.Release|x64.ActiveCfg = Release|Any CPU
		{326BE879-0E3B-4D15-AC27-E4EA60946AE7}.Release|x64.Build.0 = Release|Any CPU
		{326BE879-0E3B-4D15-AC27-E4EA60946AE7}.Release|x86.ActiveCfg = Release|Any CPU
		{326BE879-0E3B-4D15-AC27-E4EA60946AE7}.Release|x86.Build.0 = Release|Any CPU
	EndGlobalSection
	GlobalSection(SolutionProperties) = preSolution
		HideSolutionNode = FALSE
	EndGlobalSection
	GlobalSection(NestedProjects) = preSolution
		{306343A4-6B17-47AE-895C-204F20D6BE37} = {827E0CD3-B72D-47B6-A68D-7590B98EB39B}
		{37A149E4-9D06-4A75-BAE4-73A6499EE1D8} = {827E0CD3-B72D-47B6-A68D-7590B98EB39B}
		{AE8EB9F1-E5B8-4FC8-BA3B-EB23618D8FD6} = {827E0CD3-B72D-47B6-A68D-7590B98EB39B}
		{73639707-C3EE-46F7-B0EA-951EC9BD82AF} = {827E0CD3-B72D-47B6-A68D-7590B98EB39B}
		{25969F49-7791-48DE-9A89-4C56A81AF091} = {0AB3BF05-4346-4AA6-1389-037BE0695223}
		{326BE879-0E3B-4D15-AC27-E4EA60946AE7} = {0AB3BF05-4346-4AA6-1389-037BE0695223}
	EndGlobalSection
EndGlobal
